
Microsoft Visual Studio Solution File, Format Version 12.00
# Visual Studio Version 16
VisualStudioVersion = 16.0.28803.202
MinimumVisualStudioVersion = 10.0.40219.1
Project("{FAE04EC0-301F-11D3-BF4B-00C04F79EFBC}") = "ControleEstoque.Web", "ControleEstoque.Web\ControleEstoque.Web.csproj", "{320EF825-1907-455B-8C34-D409B7EA9D83}"
EndProject
Global
	GlobalSection(SolutionConfigurationPlatforms) = preSolution
		Debug|Any CPU = Debug|Any CPU
		Release|Any CPU = Release|Any CPU
	EndGlobalSection
	GlobalSection(ProjectConfigurationPlatforms) = postSolution
		{320EF825-1907-455B-8C34-D409B7EA9D83}.Debug|Any CPU.ActiveCfg = Debug|Any CPU
		{320EF825-1907-455B-8C34-D409B7EA9D83}.Debug|Any CPU.Build.0 = Debug|Any CPU
		{320EF825-1907-455B-8C34-D409B7EA9D83}.Release|Any CPU.ActiveCfg = Release|Any CPU
		{320EF825-1907-455B-8C34-D409B7EA9D83}.Release|Any CPU.Build.0 = Release|Any CPU
	EndGlobalSection
	GlobalSection(SolutionProperties) = preSolution
		HideSolutionNode = FALSE
	EndGlobalSection
	GlobalSection(ExtensibilityGlobals) = postSolution
		SolutionGuid = {BC2B48D9-CEFC-4827-A8F7-D5B98B381CF8}
	EndGlobalSection
EndGlobal
